// !$*UTF8*$!
{
	archiveVersion = 1;
	classes = {
	};
	objectVersion = 46;
	objects = {

/* Begin PBXBuildFile section */
		535811891A1D04A000ECE228 /* AppDelegate.swift in Sources */ = {isa = PBXBuildFile; fileRef = 535811881A1D04A000ECE228 /* AppDelegate.swift */; };
		5358118B1A1D04A000ECE228 /* ViewController.swift in Sources */ = {isa = PBXBuildFile; fileRef = 5358118A1A1D04A000ECE228 /* ViewController.swift */; };
		5358118E1A1D04A000ECE228 /* Main.storyboard in Resources */ = {isa = PBXBuildFile; fileRef = 5358118C1A1D04A000ECE228 /* Main.storyboard */; };
		535811901A1D04A000ECE228 /* Images.xcassets in Resources */ = {isa = PBXBuildFile; fileRef = 5358118F1A1D04A000ECE228 /* Images.xcassets */; };
		535811931A1D04A000ECE228 /* LaunchScreen.xib in Resources */ = {isa = PBXBuildFile; fileRef = 535811911A1D04A000ECE228 /* LaunchScreen.xib */; };
		5358119F1A1D04A000ECE228 /* pushyTests.swift in Sources */ = {isa = PBXBuildFile; fileRef = 5358119E1A1D04A000ECE228 /* pushyTests.swift */; };
/* End PBXBuildFile section */

/* Begin PBXContainerItemProxy section */
		535811991A1D04A000ECE228 /* PBXContainerItemProxy */ = {
			isa = PBXContainerItemProxy;
			containerPortal = 5358117B1A1D04A000ECE228 /* Project object */;
			proxyType = 1;
			remoteGlobalIDString = 535811821A1D04A000ECE228;
			remoteInfo = pushy;
		};
/* End PBXContainerItemProxy section */

/* Begin PBXFileReference section */
		535811831A1D04A000ECE228 /* pushy.app */ = {isa = PBXFileReference; explicitFileType = wrapper.application; includeInIndex = 0; path = pushy.app; sourceTree = BUILT_PRODUCTS_DIR; };
		535811871A1D04A000ECE228 /* Info.plist */ = {isa = PBXFileReference; lastKnownFileType = text.plist.xml; path = Info.plist; sourceTree = "<group>"; };
		535811881A1D04A000ECE228 /* AppDelegate.swift */ = {isa = PBXFileReference; lastKnownFileType = sourcecode.swift; path = AppDelegate.swift; sourceTree = "<group>"; };
		5358118A1A1D04A000ECE228 /* ViewController.swift */ = {isa = PBXFileReference; lastKnownFileType = sourcecode.swift; path = ViewController.swift; sourceTree = "<group>"; };
		5358118D1A1D04A000ECE228 /* Base */ = {isa = PBXFileReference; lastKnownFileType = file.storyboard; name = Base; path = Base.lproj/Main.storyboard; sourceTree = "<group>"; };
		5358118F1A1D04A000ECE228 /* Images.xcassets */ = {isa = PBXFileReference; lastKnownFileType = folder.assetcatalog; path = Images.xcassets; sourceTree = "<group>"; };
		535811921A1D04A000ECE228 /* Base */ = {isa = PBXFileReference; lastKnownFileType = file.xib; name = Base; path = Base.lproj/LaunchScreen.xib; sourceTree = "<group>"; };
		535811981A1D04A000ECE228 /* pushyTests.xctest */ = {isa = PBXFileReference; explicitFileType = wrapper.cfbundle; includeInIndex = 0; path = pushyTests.xctest; sourceTree = BUILT_PRODUCTS_DIR; };
		5358119D1A1D04A000ECE228 /* Info.plist */ = {isa = PBXFileReference; lastKnownFileType = text.plist.xml; path = Info.plist; sourceTree = "<group>"; };
		5358119E1A1D04A000ECE228 /* pushyTests.swift */ = {isa = PBXFileReference; lastKnownFileType = sourcecode.swift; path = pushyTests.swift; sourceTree = "<group>"; };
/* End PBXFileReference section */

/* Begin PBXFrameworksBuildPhase section */
		535811801A1D04A000ECE228 /* Frameworks */ = {
			isa = PBXFrameworksBuildPhase;
			buildActionMask = 2147483647;
			files = (
			);
			runOnlyForDeploymentPostprocessing = 0;
		};
		535811951A1D04A000ECE228 /* Frameworks */ = {
			isa = PBXFrameworksBuildPhase;
			buildActionMask = 2147483647;
			files = (
			);
			runOnlyForDeploymentPostprocessing = 0;
		};
/* End PBXFrameworksBuildPhase section */

/* Begin PBXGroup section */
		5358117A1A1D04A000ECE228 = {
			isa = PBXGroup;
			children = (
				535811851A1D04A000ECE228 /* pushy */,
				5358119B1A1D04A000ECE228 /* pushyTests */,
				535811841A1D04A000ECE228 /* Products */,
			);
			sourceTree = "<group>";
		};
		535811841A1D04A000ECE228 /* Products */ = {
			isa = PBXGroup;
			children = (
				535811831A1D04A000ECE228 /* pushy.app */,
				535811981A1D04A000ECE228 /* pushyTests.xctest */,
			);
			name = Products;
			sourceTree = "<group>";
		};
		535811851A1D04A000ECE228 /* pushy */ = {
			isa = PBXGroup;
			children = (
				535811881A1D04A000ECE228 /* AppDelegate.swift */,
				5358118A1A1D04A000ECE228 /* ViewController.swift */,
				5358118C1A1D04A000ECE228 /* Main.storyboard */,
				5358118F1A1D04A000ECE228 /* Images.xcassets */,
				535811911A1D04A000ECE228 /* LaunchScreen.xib */,
				535811861A1D04A000ECE228 /* Supporting Files */,
			);
			path = pushy;
			sourceTree = "<group>";
		};
		535811861A1D04A000ECE228 /* Supporting Files */ = {
			isa = PBXGroup;
			children = (
				535811871A1D04A000ECE228 /* Info.plist */,
			);
			name = "Supporting Files";
			sourceTree = "<group>";
		};
		5358119B1A1D04A000ECE228 /* pushyTests */ = {
			isa = PBXGroup;
			children = (
				5358119E1A1D04A000ECE228 /* pushyTests.swift */,
				5358119C1A1D04A000ECE228 /* Supporting Files */,
			);
			path = pushyTests;
			sourceTree = "<group>";
		};
		5358119C1A1D04A000ECE228 /* Supporting Files */ = {
			isa = PBXGroup;
			children = (
				5358119D1A1D04A000ECE228 /* Info.plist */,
			);
			name = "Supporting Files";
			sourceTree = "<group>";
		};
/* End PBXGroup section */

/* Begin PBXNativeTarget section */
		535811821A1D04A000ECE228 /* pushy */ = {
			isa = PBXNativeTarget;
			buildConfigurationList = 535811A21A1D04A000ECE228 /* Build configuration list for PBXNativeTarget "pushy" */;
			buildPhases = (
				5358117F1A1D04A000ECE228 /* Sources */,
				535811801A1D04A000ECE228 /* Frameworks */,
				535811811A1D04A000ECE228 /* Resources */,
			);
			buildRules = (
			);
			dependencies = (
			);
			name = pushy;
			productName = pushy;
			productReference = 535811831A1D04A000ECE228 /* pushy.app */;
			productType = "com.apple.product-type.application";
		};
		535811971A1D04A000ECE228 /* pushyTests */ = {
			isa = PBXNativeTarget;
			buildConfigurationList = 535811A51A1D04A000ECE228 /* Build configuration list for PBXNativeTarget "pushyTests" */;
			buildPhases = (
				535811941A1D04A000ECE228 /* Sources */,
				535811951A1D04A000ECE228 /* Frameworks */,
				535811961A1D04A000ECE228 /* Resources */,
			);
			buildRules = (
			);
			dependencies = (
				5358119A1A1D04A000ECE228 /* PBXTargetDependency */,
			);
			name = pushyTests;
			productName = pushyTests;
			productReference = 535811981A1D04A000ECE228 /* pushyTests.xctest */;
			productType = "com.apple.product-type.bundle.unit-test";
		};
/* End PBXNativeTarget section */

/* Begin PBXProject section */
		5358117B1A1D04A000ECE228 /* Project object */ = {
			isa = PBXProject;
			attributes = {
				LastUpgradeCheck = 0610;
				ORGANIZATIONNAME = "Mark Madsen";
				TargetAttributes = {
					535811821A1D04A000ECE228 = {
						CreatedOnToolsVersion = 6.1;
					};
					535811971A1D04A000ECE228 = {
						CreatedOnToolsVersion = 6.1;
						TestTargetID = 535811821A1D04A000ECE228;
					};
				};
			};
			buildConfigurationList = 5358117E1A1D04A000ECE228 /* Build configuration list for PBXProject "pushy" */;
			compatibilityVersion = "Xcode 3.2";
			developmentRegion = English;
			hasScannedForEncodings = 0;
			knownRegions = (
				en,
				Base,
			);
			mainGroup = 5358117A1A1D04A000ECE228;
			productRefGroup = 535811841A1D04A000ECE228 /* Products */;
			projectDirPath = "";
			projectRoot = "";
			targets = (
				535811821A1D04A000ECE228 /* pushy */,
				535811971A1D04A000ECE228 /* pushyTests */,
			);
		};
/* End PBXProject section */

/* Begin PBXResourcesBuildPhase section */
		535811811A1D04A000ECE228 /* Resources */ = {
			isa = PBXResourcesBuildPhase;
			buildActionMask = 2147483647;
			files = (
				5358118E1A1D04A000ECE228 /* Main.storyboard in Resources */,
				535811931A1D04A000ECE228 /* LaunchScreen.xib in Resources */,
				535811901A1D04A000ECE228 /* Images.xcassets in Resources */,
			);
			runOnlyForDeploymentPostprocessing = 0;
		};
		535811961A1D04A000ECE228 /* Resources */ = {
			isa = PBXResourcesBuildPhase;
			buildActionMask = 2147483647;
			files = (
			);
			runOnlyForDeploymentPostprocessing = 0;
		};
/* End PBXResourcesBuildPhase section */

/* Begin PBXSourcesBuildPhase section */
		5358117F1A1D04A000ECE228 /* Sources */ = {
			isa = PBXSourcesBuildPhase;
			buildActionMask = 2147483647;
			files = (
				5358118B1A1D04A000ECE228 /* ViewController.swift in Sources */,
				535811891A1D04A000ECE228 /* AppDelegate.swift in Sources */,
			);
			runOnlyForDeploymentPostprocessing = 0;
		};
		535811941A1D04A000ECE228 /* Sources */ = {
			isa = PBXSourcesBuildPhase;
			buildActionMask = 2147483647;
			files = (
				5358119F1A1D04A000ECE228 /* pushyTests.swift in Sources */,
			);
			runOnlyForDeploymentPostprocessing = 0;
		};
/* End PBXSourcesBuildPhase section */

/* Begin PBXTargetDependency section */
		5358119A1A1D04A000ECE228 /* PBXTargetDependency */ = {
			isa = PBXTargetDependency;
			target = 535811821A1D04A000ECE228 /* pushy */;
			targetProxy = 535811991A1D04A000ECE228 /* PBXContainerItemProxy */;
		};
/* End PBXTargetDependency section */

/* Begin PBXVariantGroup section */
		5358118C1A1D04A000ECE228 /* Main.storyboard */ = {
			isa = PBXVariantGroup;
			children = (
				5358118D1A1D04A000ECE228 /* Base */,
			);
			name = Main.storyboard;
			sourceTree = "<group>";
		};
		535811911A1D04A000ECE228 /* LaunchScreen.xib */ = {
			isa = PBXVariantGroup;
			children = (
				535811921A1D04A000ECE228 /* Base */,
			);
			name = LaunchScreen.xib;
			sourceTree = "<group>";
		};
/* End PBXVariantGroup section */

/* Begin XCBuildConfiguration section */
		535811A01A1D04A000ECE228 /* Debug */ = {
			isa = XCBuildConfiguration;
			buildSettings = {
				ALWAYS_SEARCH_USER_PATHS = NO;
				CLANG_CXX_LANGUAGE_STANDARD = "gnu++0x";
				CLANG_CXX_LIBRARY = "libc++";
				CLANG_ENABLE_MODULES = YES;
				CLANG_ENABLE_OBJC_ARC = YES;
				CLANG_WARN_BOOL_CONVERSION = YES;
				CLANG_WARN_CONSTANT_CONVERSION = YES;
				CLANG_WARN_DIRECT_OBJC_ISA_USAGE = YES_ERROR;
				CLANG_WARN_EMPTY_BODY = YES;
				CLANG_WARN_ENUM_CONVERSION = YES;
				CLANG_WARN_INT_CONVERSION = YES;
				CLANG_WARN_OBJC_ROOT_CLASS = YES_ERROR;
				CLANG_WARN_UNREACHABLE_CODE = YES;
				CLANG_WARN__DUPLICATE_METHOD_MATCH = YES;
				"CODE_SIGN_IDENTITY[sdk=iphoneos*]" = "iPhone Developer";
				COPY_PHASE_STRIP = NO;
				ENABLE_STRICT_OBJC_MSGSEND = YES;
				GCC_C_LANGUAGE_STANDARD = gnu99;
				GCC_DYNAMIC_NO_PIC = NO;
				GCC_OPTIMIZATION_LEVEL = 0;
				GCC_PREPROCESSOR_DEFINITIONS = (
					"DEBUG=1",
					"$(inherited)",
				);
				GCC_SYMBOLS_PRIVATE_EXTERN = NO;
				GCC_WARN_64_TO_32_BIT_CONVERSION = YES;
				GCC_WARN_ABOUT_RETURN_TYPE = YES_ERROR;
				GCC_WARN_UNDECLARED_SELECTOR = YES;
				GCC_WARN_UNINITIALIZED_AUTOS = YES_AGGRESSIVE;
				GCC_WARN_UNUSED_FUNCTION = YES;
				GCC_WARN_UNUSED_VARIABLE = YES;
				IPHONEOS_DEPLOYMENT_TARGET = 8.1;
				MTL_ENABLE_DEBUG_INFO = YES;
				ONLY_ACTIVE_ARCH = YES;
				SDKROOT = iphoneos;
				SWIFT_OPTIMIZATION_LEVEL = "-Onone";
				TARGETED_DEVICE_FAMILY = "1,2";
			};
			name = Debug;
		};
		535811A11A1D04A000ECE228 /* Release */ = {
			isa = XCBuildConfiguration;
			buildSettings = {
				ALWAYS_SEARCH_USER_PATHS = NO;
				CLANG_CXX_LANGUAGE_STANDARD = "gnu++0x";
				CLANG_CXX_LIBRARY = "libc++";
				CLANG_ENABLE_MODULES = YES;
				CLANG_ENABLE_OBJC_ARC = YES;
				CLANG_WARN_BOOL_CONVERSION = YES;
				CLANG_WARN_CONSTANT_CONVERSION = YES;
				CLANG_WARN_DIRECT_OBJC_ISA_USAGE = YES_ERROR;
				CLANG_WARN_EMPTY_BODY = YES;
				CLANG_WARN_ENUM_CONVERSION = YES;
				CLANG_WARN_INT_CONVERSION = YES;
				CLANG_WARN_OBJC_ROOT_CLASS = YES_ERROR;
				CLANG_WARN_UNREACHABLE_CODE = YES;
				CLANG_WARN__DUPLICATE_METHOD_MATCH = YES;
				"CODE_SIGN_IDENTITY[sdk=iphoneos*]" = "iPhone Developer";
				COPY_PHASE_STRIP = YES;
				ENABLE_NS_ASSERTIONS = NO;
				ENABLE_STRICT_OBJC_MSGSEND = YES;
				GCC_C_LANGUAGE_STANDARD = gnu99;
				GCC_WARN_64_TO_32_BIT_CONVERSION = YES;
				GCC_WARN_ABOUT_RETURN_TYPE = YES_ERROR;
				GCC_WARN_UNDECLARED_SELECTOR = YES;
				GCC_WARN_UNINITIALIZED_AUTOS = YES_AGGRESSIVE;
				GCC_WARN_UNUSED_FUNCTION = YES;
				GCC_WARN_UNUSED_VARIABLE = YES;
				IPHONEOS_DEPLOYMENT_TARGET = 8.1;
				MTL_ENABLE_DEBUG_INFO = NO;
				SDKROOT = iphoneos;
				TARGETED_DEVICE_FAMILY = "1,2";
				VALIDATE_PRODUCT = YES;
			};
			name = Release;
		};
		535811A31A1D04A000ECE228 /* Debug */ = {
			isa = XCBuildConfiguration;
			buildSettings = {
				ASSETCATALOG_COMPILER_APPICON_NAME = AppIcon;
				INFOPLIST_FILE = pushy/Info.plist;
				LD_RUNPATH_SEARCH_PATHS = "$(inherited) @executable_path/Frameworks";
				PRODUCT_NAME = "$(TARGET_NAME)";
			};
			name = Debug;
		};
		535811A41A1D04A000ECE228 /* Release */ = {
			isa = XCBuildConfiguration;
			buildSettings = {
				ASSETCATALOG_COMPILER_APPICON_NAME = AppIcon;
				INFOPLIST_FILE = pushy/Info.plist;
				LD_RUNPATH_SEARCH_PATHS = "$(inherited) @executable_path/Frameworks";
				PRODUCT_NAME = "$(TARGET_NAME)";
			};
			name = Release;
		};
		535811A61A1D04A000ECE228 /* Debug */ = {
			isa = XCBuildConfiguration;
			buildSettings = {
				BUNDLE_LOADER = "$(TEST_HOST)";
				FRAMEWORK_SEARCH_PATHS = (
					"$(SDKROOT)/Developer/Library/Frameworks",
					"$(inherited)",
				);
				GCC_PREPROCESSOR_DEFINITIONS = (
					"DEBUG=1",
					"$(inherited)",
				);
				INFOPLIST_FILE = pushyTests/Info.plist;
				LD_RUNPATH_SEARCH_PATHS = "$(inherited) @executable_path/Frameworks @loader_path/Frameworks";
				PRODUCT_NAME = "$(TARGET_NAME)";
				TEST_HOST = "$(BUILT_PRODUCTS_DIR)/pushy.app/pushy";
			};
			name = Debug;
		};
		535811A71A1D04A000ECE228 /* Release */ = {
			isa = XCBuildConfiguration;
			buildSettings = {
				BUNDLE_LOADER = "$(TEST_HOST)";
				FRAMEWORK_SEARCH_PATHS = (
					"$(SDKROOT)/Developer/Library/Frameworks",
					"$(inherited)",
				);
				INFOPLIST_FILE = pushyTests/Info.plist;
				LD_RUNPATH_SEARCH_PATHS = "$(inherited) @executable_path/Frameworks @loader_path/Frameworks";
				PRODUCT_NAME = "$(TARGET_NAME)";
				TEST_HOST = "$(BUILT_PRODUCTS_DIR)/pushy.app/pushy";
			};
			name = Release;
		};
/* End XCBuildConfiguration section */

/* Begin XCConfigurationList section */
		5358117E1A1D04A000ECE228 /* Build configuration list for PBXProject "pushy" */ = {
			isa = XCConfigurationList;
			buildConfigurations = (
				535811A01A1D04A000ECE228 /* Debug */,
				535811A11A1D04A000ECE228 /* Release */,
			);
			defaultConfigurationIsVisible = 0;
			defaultConfigurationName = Release;
		};
		535811A21A1D04A000ECE228 /* Build configuration list for PBXNativeTarget "pushy" */ = {
			isa = XCConfigurationList;
			buildConfigurations = (
				535811A31A1D04A000ECE228 /* Debug */,
				535811A41A1D04A000ECE228 /* Release */,
			);
			defaultConfigurationIsVisible = 0;
		};
		535811A51A1D04A000ECE228 /* Build configuration list for PBXNativeTarget "pushyTests" */ = {
			isa = XCConfigurationList;
			buildConfigurations = (
				535811A61A1D04A000ECE228 /* Debug */,
				535811A71A1D04A000ECE228 /* Release */,
			);
			defaultConfigurationIsVisible = 0;
		};
/* End XCConfigurationList section */
	};
	rootObject = 5358117B1A1D04A000ECE228 /* Project object */;
}
